
Microsoft Visual Studio Solution File, Format Version 12.00
# Visual Studio Version 17
VisualStudioVersion = 17.14.36616.10 d17.14
MinimumVisualStudioVersion = 10.0.40219.1
Project("{FAE04EC0-301F-11D3-BF4B-00C04F79EFBC}") = "13ModulHomeWork", "13ModulHomeWork\13ModulHomeWork.csproj", "{CF3A64ED-5825-48AE-A372-3C2D06B6BF2D}"
EndProject
Global
	GlobalSection(SolutionConfigurationPlatforms) = preSolution
		Debug|Any CPU = Debug|Any CPU
		Release|Any CPU = Release|Any CPU
	EndGlobalSection
	GlobalSection(ProjectConfigurationPlatforms) = postSolution
		{CF3A64ED-5825-48AE-A372-3C2D06B6BF2D}.Debug|Any CPU.ActiveCfg = Debug|Any CPU
		{CF3A64ED-5825-48AE-A372-3C2D06B6BF2D}.Debug|Any CPU.Build.0 = Debug|Any CPU
		{CF3A64ED-5825-48AE-A372-3C2D06B6BF2D}.Release|Any CPU.ActiveCfg = Release|Any CPU
		{CF3A64ED-5825-48AE-A372-3C2D06B6BF2D}.Release|Any CPU.Build.0 = Release|Any CPU
	EndGlobalSection
	GlobalSection(SolutionProperties) = preSolution
		HideSolutionNode = FALSE
	EndGlobalSection
	GlobalSection(ExtensibilityGlobals) = postSolution
		SolutionGuid = {E98C8CE2-7E04-4926-B4B2-FF49C101F677}
	EndGlobalSection
EndGlobal
